
Microsoft Visual Studio Solution File, Format Version 12.00
# Visual Studio Version 17
VisualStudioVersion = 17.1.32228.430
MinimumVisualStudioVersion = 10.0.40219.1
Project("{FAE04EC0-301F-11D3-BF4B-00C04F79EFBC}") = "ControlAreaVolumen", "ControlAreaVolumen\ControlAreaVolumen.csproj", "{EF0943A3-A402-465A-B1C7-1411C0DB4BCD}"
EndProject
Global
	GlobalSection(SolutionConfigurationPlatforms) = preSolution
		Debug|Any CPU = Debug|Any CPU
		Release|Any CPU = Release|Any CPU
	EndGlobalSection
	GlobalSection(ProjectConfigurationPlatforms) = postSolution
		{EF0943A3-A402-465A-B1C7-1411C0DB4BCD}.Debug|Any CPU.ActiveCfg = Debug|Any CPU
		{EF0943A3-A402-465A-B1C7-1411C0DB4BCD}.Debug|Any CPU.Build.0 = Debug|Any CPU
		{EF0943A3-A402-465A-B1C7-1411C0DB4BCD}.Release|Any CPU.ActiveCfg = Release|Any CPU
		{EF0943A3-A402-465A-B1C7-1411C0DB4BCD}.Release|Any CPU.Build.0 = Release|Any CPU
	EndGlobalSection
	GlobalSection(SolutionProperties) = preSolution
		HideSolutionNode = FALSE
	EndGlobalSection
	GlobalSection(ExtensibilityGlobals) = postSolution
		SolutionGuid = {AFC49D8E-7C57-48D7-8D36-FB866C01AFD4}
	EndGlobalSection
EndGlobal
